
Microsoft Visual Studio Solution File, Format Version 12.00
# Visual Studio Version 17
VisualStudioVersion = 17.4.33122.133
MinimumVisualStudioVersion = 10.0.40219.1
Project("{8BC9CEB8-8B4A-11D0-8D11-00A0C91BC942}") = "Calc1", "Calc1\Calc1.vcxproj", "{F9CAE9DA-DC9C-4584-90A1-52C841EE0965}"
EndProject
Global
	GlobalSection(SolutionConfigurationPlatforms) = preSolution
		Debug|x64 = Debug|x64
		Debug|x86 = Debug|x86
		Release|x64 = Release|x64
		Release|x86 = Release|x86
	EndGlobalSection
	GlobalSection(ProjectConfigurationPlatforms) = postSolution
		{F9CAE9DA-DC9C-4584-90A1-52C841EE0965}.Debug|x64.ActiveCfg = Debug|x64
		{F9CAE9DA-DC9C-4584-90A1-52C841EE0965}.Debug|x64.Build.0 = Debug|x64
		{F9CAE9DA-DC9C-4584-90A1-52C841EE0965}.Debug|x86.ActiveCfg = Debug|Win32
		{F9CAE9DA-DC9C-4584-90A1-52C841EE0965}.Debug|x86.Build.0 = Debug|Win32
		{F9CAE9DA-DC9C-4584-90A1-52C841EE0965}.Release|x64.ActiveCfg = Release|x64
		{F9CAE9DA-DC9C-4584-90A1-52C841EE0965}.Release|x64.Build.0 = Release|x64
		{F9CAE9DA-DC9C-4584-90A1-52C841EE0965}.Release|x86.ActiveCfg = Release|Win32
		{F9CAE9DA-DC9C-4584-90A1-52C841EE0965}.Release|x86.Build.0 = Release|Win32
	EndGlobalSection
	GlobalSection(SolutionProperties) = preSolution
		HideSolutionNode = FALSE
	EndGlobalSection
	GlobalSection(ExtensibilityGlobals) = postSolution
		SolutionGuid = {C1B97691-86E1-4FE9-AE14-9CB9C3D95891}
	EndGlobalSection
EndGlobal
